
Microsoft Visual Studio Solution File, Format Version 11.00
# Visual Studio 2010
# SharpDevelop 5.1
Project("{FAE04EC0-301F-11D3-BF4B-00C04F79EFBC}") = "WarFrame", "WarFrame\WarFrame.csproj", "{754A9BE7-971D-4CB7-82A8-CFDF72BFF819}"
EndProject
Global
	GlobalSection(SolutionConfigurationPlatforms) = preSolution
		Debug|Any CPU = Debug|Any CPU
		Release|Any CPU = Release|Any CPU
	EndGlobalSection
	GlobalSection(ProjectConfigurationPlatforms) = postSolution
		{754A9BE7-971D-4CB7-82A8-CFDF72BFF819}.Debug|Any CPU.ActiveCfg = Debug|Any CPU
		{754A9BE7-971D-4CB7-82A8-CFDF72BFF819}.Debug|Any CPU.Build.0 = Debug|Any CPU
		{754A9BE7-971D-4CB7-82A8-CFDF72BFF819}.Release|Any CPU.ActiveCfg = Release|Any CPU
		{754A9BE7-971D-4CB7-82A8-CFDF72BFF819}.Release|Any CPU.Build.0 = Release|Any CPU
	EndGlobalSection
EndGlobal
